name: Apply modal scroll lock
on:
  workflow_dispatch:
  push:
    paths:
      - .github/workflows/apply-modal-scroll-lock.yml
permissions:
  contents: write
jobs:
  apply:
    runs-on: ubuntu-latest
    steps:
      - uses: actions/checkout@v4
        with:
          ref: main
      - name: Apply patch
        shell: bash
        run: |
          echo 'ZGlmZiAtLWdpdCBhL2luZGV4Lmh0bWwgYi9pbmRleC5odG1sCmluZGV4IDc2ODUyOTUuLjUxZjFjMjkgMTAwNjQ0Ci0tLSBhL2luZGV4Lmh0bWwKKysrIGIvaW5kZXguaHRtbApAQCAtMzE2LDYgKzMxNiwxMyBAQCBhe2NvbG9yOnZhcigtLWluayk7fQogLnNoYXJlLW1vZGFsLm9wZW57ZGlzcGxheTpmbGV4O30KICNwaG90b01vZGFse3otaW5kZXg6NDUwO30KIC5zaGFyZS1zaGVldHtiYWNrZ3JvdW5kOnZhcigtLXBhcmNobWVudCk7Ym9yZGVyLXJhZGl1czp2YXIoLS1yMjApIHZhcigtLXIyMCkgMCAwO3BhZGRpbmc6MjhweCAyNHB4IDQwcHg7d2lkdGg6MTAwJTttYXgtd2lkdGg6NDIwcHg7fQorLnNoYXJlLXNoZWV0LC5tYXAtc2hlZXQsLmRldGFpbC1zaGVldCwuc2VhcmNoLXNoZWV0LC5jdC1tb2RhbC1zaGVldHsKKyAgb3ZlcnNjcm9sbC1iZWhhdmlvci15OmNvbnRhaW47CisgIC13ZWJraXQtb3ZlcmZsb3ctc2Nyb2xsaW5nOnRvdWNoOworICB0b3VjaC1hY3Rpb246cGFuLXk7Cit9Cisuc2hhcmUtc2hlZXQsLm1hcC1zaGVldHttYXgtaGVpZ2h0Ojkydmg7bWF4LWhlaWdodDo5MmR2aDtvdmVyZmxvdy15OmF1dG87fQoraHRtbC5tb2RhbC1zY3JvbGwtbG9ja2VkLGJvZHkubW9kYWwtc2Nyb2xsLWxvY2tlZHtvdmVyZmxvdzpoaWRkZW47b3ZlcnNjcm9sbC1iZWhhdmlvcjpub25lO30KIC5tb2RhbC1oYW5kbGV7d2lkdGg6MzZweDtoZWlnaHQ6NHB4O2JhY2tncm91bmQ6cmdiYSgyOSwyOSwzMSwwLjE0MCk7Ym9yZGVyLXJhZGl1czoycHg7bWFyZ2luOjAgYXV0byAyMHB4O30KIC5tb2RhbC10aXRsZXtmb250LWZhbWlseTotYXBwbGUtc3lzdGVtLEJsaW5rTWFjU3lzdGVtRm9udCxzYW5zLXNlcmlmO2ZvbnQtc2l6ZToyMnB4O2ZvbnQtd2VpZ2h0OjcwMDttYXJnaW4tYm90dG9tOjZweDt9CiAubW9kYWwtc3Vie2ZvbnQtc2l6ZToxM3B4O2NvbG9yOnZhcigtLWluay1tdXRlZCk7bWFyZ2luLWJvdHRvbToyMHB4O30KQEAgLTE3NzU5LDYgKzE3NzY2LDc0IEBAIGRvY3VtZW50LmdldEVsZW1lbnRCeUlkKCdhdXRoLXNwLXN1Ym1pdC1idG4nKS5hZGRFdmVudExpc3RlbmVyKCdjbGljaycsIGFzeW5jICgpCiAgIDwvZGl2PgogPC9kaXY+CiA8IS0tIENvdW50cnkgbWFuYWdlbWVudCBtb2RhbCAtLT4KKzxzY3JpcHQ+CisvKiBWZXJyb3UgZ2xvYmFsIGRlcyBwYWdlcyBzb3VzIGxlcyBtb2RhbGVzLCB5IGNvbXByaXMgc3VyIFNhZmFyaSBpT1MuICovCisoZnVuY3Rpb24oKXsKKyAgdmFyIGxvY2tlZCA9IGZhbHNlOworICB2YXIgc2Nyb2xsWSA9IDA7CisgIHZhciBzYXZlZEJvZHlTdHlsZSA9IG51bGw7CisgIHZhciBtb2RhbFNlbGVjdG9yID0gJy5zaGFyZS1tb2RhbC5vcGVuLC5tYXAtbW9kYWwub3BlbiwuZGV0YWlsLW1vZGFsLm9wZW4sLnNlYXJjaC1tb2RhbC5vcGVuLC5jb25maXJtLW92ZXJsYXkub3BlbiwucGluLW92ZXJsYXkub3Blbic7CisKKyAgZnVuY3Rpb24gaGFzT3Blbk1vZGFsKCl7CisgICAgaWYoZG9jdW1lbnQucXVlcnlTZWxlY3Rvcihtb2RhbFNlbGVjdG9yKSkgcmV0dXJuIHRydWU7CisgICAgdmFyIGNvdW50cnlNb2RhbCA9IGRvY3VtZW50LmdldEVsZW1lbnRCeUlkKCdjdC1jb3VudHJ5LW1vZGFsJyk7CisgICAgcmV0dXJuICEhY291bnRyeU1vZGFsICYmIHdpbmRvdy5nZXRDb21wdXRlZFN0eWxlKGNvdW50cnlNb2RhbCkuZGlzcGxheSAhPT0gJ25vbmUnOworICB9CisKKyAgZnVuY3Rpb24gbG9ja1BhZ2UoKXsKKyAgICBpZihsb2NrZWQpIHJldHVybjsKKyAgICBzY3JvbGxZID0gd2luZG93LnNjcm9sbFkgfHwgZG9jdW1lbnQuZG9jdW1lbnRFbGVtZW50LnNjcm9sbFRvcCB8fCAwOworICAgIHNhdmVkQm9keVN0eWxlID0geworICAgICAgcG9zaXRpb246IGRvY3VtZW50LmJvZHkuc3R5bGUucG9zaXRpb24sCisgICAgICB0b3A6IGRvY3VtZW50LmJvZHkuc3R5bGUudG9wLAorICAgICAgbGVmdDogZG9jdW1lbnQuYm9keS5zdHlsZS5sZWZ0LAorICAgICAgcmlnaHQ6IGRvY3VtZW50LmJvZHkuc3R5bGUucmlnaHQsCisgICAgICB3aWR0aDogZG9jdW1lbnQuYm9keS5zdHlsZS53aWR0aCwKKyAgICAgIG92ZXJmbG93OiBkb2N1bWVudC5ib2R5LnN0eWxlLm92ZXJmbG93CisgICAgfTsKKyAgICBkb2N1bWVudC5kb2N1bWVudEVsZW1lbnQuY2xhc3NMaXN0LmFkZCgnbW9kYWwtc2Nyb2xsLWxvY2tlZCcpOworICAgIGRvY3VtZW50LmJvZHkuY2xhc3NMaXN0LmFkZCgnbW9kYWwtc2Nyb2xsLWxvY2tlZCcpOworICAgIGRvY3VtZW50LmJvZHkuc3R5bGUucG9zaXRpb24gPSAnZml4ZWQnOworICAgIGRvY3VtZW50LmJvZHkuc3R5bGUudG9wID0gJy0nICsgc2Nyb2xsWSArICdweCc7CisgICAgZG9jdW1lbnQuYm9keS5zdHlsZS5sZWZ0ID0gJzAnOworICAgIGRvY3VtZW50LmJvZHkuc3R5bGUucmlnaHQgPSAnMCc7CisgICAgZG9jdW1lbnQuYm9keS5zdHlsZS53aWR0aCA9ICcxMDAlJzsKKyAgICBkb2N1bWVudC5ib2R5LnN0eWxlLm92ZXJmbG93ID0gJ2hpZGRlbic7CisgICAgbG9ja2VkID0gdHJ1ZTsKKyAgfQorCisgIGZ1bmN0aW9uIHVubG9ja1BhZ2UoKXsKKyAgICBpZighbG9ja2VkKSByZXR1cm47CisgICAgZG9jdW1lbnQuZG9jdW1lbnRFbGVtZW50LmNsYXNzTGlzdC5yZW1vdmUoJ21vZGFsLXNjcm9sbC1sb2NrZWQnKTsKKyAgICBkb2N1bWVudC5ib2R5LmNsYXNzTGlzdC5yZW1vdmUoJ21vZGFsLXNjcm9sbC1sb2NrZWQnKTsKKyAgICBkb2N1bWVudC5ib2R5LnN0eWxlLnBvc2l0aW9uID0gc2F2ZWRCb2R5U3R5bGUucG9zaXRpb247CisgICAgZG9jdW1lbnQuYm9keS5zdHlsZS50b3AgPSBzYXZlZEJvZHlTdHlsZS50b3A7CisgICAgZG9jdW1lbnQuYm9keS5zdHlsZS5sZWZ0ID0gc2F2ZWRCb2R5U3R5bGUubGVmdDsKKyAgICBkb2N1bWVudC5ib2R5LnN0eWxlLnJpZ2h0ID0gc2F2ZWRCb2R5U3R5bGUucmlnaHQ7CisgICAgZG9jdW1lbnQuYm9keS5zdHlsZS53aWR0aCA9IHNhdmVkQm9keVN0eWxlLndpZHRoOworICAgIGRvY3VtZW50LmJvZHkuc3R5bGUub3ZlcmZsb3cgPSBzYXZlZEJvZHlTdHlsZS5vdmVyZmxvdzsKKyAgICBsb2NrZWQgPSBmYWxzZTsKKyAgICB3aW5kb3cuc2Nyb2xsVG8oMCwgc2Nyb2xsWSk7CisgIH0KKworICBmdW5jdGlvbiBzeW5jTW9kYWxTY3JvbGxMb2NrKCl7CisgICAgaWYoaGFzT3Blbk1vZGFsKCkpIGxvY2tQYWdlKCk7CisgICAgZWxzZSB1bmxvY2tQYWdlKCk7CisgIH0KKworICBmdW5jdGlvbiBpbml0TW9kYWxTY3JvbGxMb2NrKCl7CisgICAgbmV3IE11dGF0aW9uT2JzZXJ2ZXIoc3luY01vZGFsU2Nyb2xsTG9jaykub2JzZXJ2ZShkb2N1bWVudC5ib2R5LCB7CisgICAgICBzdWJ0cmVlOiB0cnVlLAorICAgICAgYXR0cmlidXRlczogdHJ1ZSwKKyAgICAgIGF0dHJpYnV0ZUZpbHRlcjogWydjbGFzcycsJ3N0eWxlJ10KKyAgICB9KTsKKyAgICBzeW5jTW9kYWxTY3JvbGxMb2NrKCk7CisgIH0KKworICBpZihkb2N1bWVudC5yZWFkeVN0YXRlID09PSAnbG9hZGluZycpIGRvY3VtZW50LmFkZEV2ZW50TGlzdGVuZXIoJ0RPTUNvbnRlbnRMb2FkZWQnLCBpbml0TW9kYWxTY3JvbGxMb2NrKTsKKyAgZWxzZSBpbml0TW9kYWxTY3JvbGxMb2NrKCk7Cit9KSgpOworPC9zY3JpcHQ+CiA8L2Rpdj4KIDwvYm9keT4KIDwvaHRtbD4K' | base64 -d > /tmp/modal-scroll-lock.patch
          git apply /tmp/modal-scroll-lock.patch
          rm .github/workflows/apply-modal-scroll-lock.yml
          git config user.name "github-actions[bot]"
          git config user.email "41898282+github-actions[bot]@users.noreply.github.com"
          git add index.html .github/workflows/apply-modal-scroll-lock.yml
          git commit -m "Verrouille le scroll sous les modales"
          git push origin main
