name: Apply movement duration clock format
on:
  workflow_dispatch:
  push:
    paths:
      - .github/workflows/apply-movement-duration-clock.yml
permissions:
  contents: write
jobs:
  apply:
    if: github.actor != 'github-actions[bot]'
    runs-on: ubuntu-latest
    steps:
      - uses: actions/checkout@v4
        with:
          ref: main
          fetch-depth: 0
      - name: Apply patch
        run: |
          git config user.name "github-actions[bot]"
          git config user.email "41898282+github-actions[bot]@users.noreply.github.com"
          printf '%s' 'RnJvbSBiYzIxNDgyYTVhMjE5NDc4ZjU2MTM5OGU5ZWJkOTY1YTk3MzZkMDM2IE1vbiBTZXAgMTcgMDA6MDA6MDAgMjAwMQpGcm9tOiBDb2RleCA8Y29kZXhAb3BlbmFpLmNvbT4KRGF0ZTogU2F0LCAxNSBBdWcgMjAyNiAxMTozMjoyOCArMDIwMApTdWJqZWN0OiBbUEFUQ0hdID0/VVRGLTg/cT9Gb3JtYXRlPTIwbGVzPTIwZHVyPUMzPUE5ZXM9MjBlbj0yMGhldXJlcz0yMGV0Pz0KID0/VVRGLTg/cT89MjBtaW51dGVzPz0KTUlNRS1WZXJzaW9uOiAxLjAKQ29udGVudC1UeXBlOiB0ZXh0L3BsYWluOyBjaGFyc2V0PVVURi04CkNvbnRlbnQtVHJhbnNmZXItRW5jb2Rpbmc6IDhiaXQKCi0tLQogaW5kZXguaHRtbCB8IDE4ICsrKysrKysrKysrKystLS0tLQogMSBmaWxlIGNoYW5nZWQsIDEzIGluc2VydGlvbnMoKyksIDUgZGVsZXRpb25zKC0pCgpkaWZmIC0tZ2l0IGEvaW5kZXguaHRtbCBiL2luZGV4Lmh0bWwKaW5kZXggNmE2OGMwYS4uZTEyMGE5NiAxMDA2NDQKLS0tIGEvaW5kZXguaHRtbAorKysgYi9pbmRleC5odG1sCkBAIC03OTQ1LDkgKzc5NDUsMTcgQEAgZnVuY3Rpb24gbW92ZW1lbnREdXJhdGlvblRvTWludXRlcyh2YWx1ZSx1bml0KXsKICAgdmFyIG49cGFyc2VBbXQodmFsdWUpO2lmKGlzTmFOKG4pKXJldHVybiAnJzsKICAgcmV0dXJuIE1hdGgucm91bmQoKHVuaXQ9PT0naG91cic/bio2MDpuKSoxMDApLzEwMDsKIH0KK2Z1bmN0aW9uIG1vdmVtZW50RHVyYXRpb25UZXh0VG9NaW51dGVzKHZhbHVlKXsKKyAgdmFyIHJhdz1TdHJpbmcodmFsdWU9PW51bGw/Jyc6dmFsdWUpLnRyaW0oKS50b0xvd2VyQ2FzZSgpLnJlcGxhY2UoJywnLCcuJyk7CisgIHZhciBob3Vycz1yYXcubWF0Y2goL14oXGQrKD86XC5cZCspPylccypoKD86XHMqKFxkezEsMn0pKT8vKTsKKyAgaWYoaG91cnMpcmV0dXJuIE1hdGgucm91bmQoKE51bWJlcihob3Vyc1sxXSkqNjArTnVtYmVyKGhvdXJzWzJdfHwwKSkqMTAwKS8xMDA7CisgIHZhciBuPXBhcnNlQW10KHJhdyk7cmV0dXJuIGlzTmFOKG4pPycnOm47Cit9CiBmdW5jdGlvbiBtb3ZlbWVudEZvcm1hdER1cmF0aW9uKHZhbHVlLGl0ZW0pewotICB2YXIgZGlzcGxheT1tb3ZlbWVudER1cmF0aW9uRGlzcGxheSh2YWx1ZSxpdGVtKTtpZihkaXNwbGF5PT09JycpcmV0dXJuICcnOwotICByZXR1cm4gTnVtYmVyKGRpc3BsYXkpLnRvTG9jYWxlU3RyaW5nKCdmci1GUicse21heGltdW1GcmFjdGlvbkRpZ2l0czoyfSkrKG1vdmVtZW50RHVyYXRpb25Vbml0KGl0ZW0pPT09J2hvdXInPycgaCc6JyBtaW4nKTsKKyAgdmFyIG1pbnV0ZXM9cGFyc2VBbXQodmFsdWUpO2lmKGlzTmFOKG1pbnV0ZXMpKXJldHVybiAnJzsKKyAgaWYobWludXRlczw2MClyZXR1cm4gTnVtYmVyKG1pbnV0ZXMpLnRvTG9jYWxlU3RyaW5nKCdmci1GUicse21heGltdW1GcmFjdGlvbkRpZ2l0czoyfSkrJyBtaW4nOworICB2YXIgdG90YWxNaW51dGVzPU1hdGgucm91bmQobWludXRlcyksd2hvbGVIb3Vycz1NYXRoLmZsb29yKHRvdGFsTWludXRlcy82MCkscmVtYWluaW5nTWludXRlcz10b3RhbE1pbnV0ZXMlNjA7CisgIHJldHVybiB3aG9sZUhvdXJzKycgaCcrKHJlbWFpbmluZ01pbnV0ZXM/JyAnK3JlbWFpbmluZ01pbnV0ZXM6JycpOwogfQogZnVuY3Rpb24gY2hhbmdlTW92ZW1lbnREdXJhdGlvblVuaXQoaW5wdXRJZCxzZWxlY3RFbCl7CiAgIHZhciBpbnB1dD1kb2N1bWVudC5nZXRFbGVtZW50QnlJZChpbnB1dElkKTtpZighaW5wdXQpcmV0dXJuOwpAQCAtODA3OSw3ICs4MDg3LDcgQEAgZnVuY3Rpb24gbW92ZW1lbnREcmFmdEZyb21JbnB1dHMoc2tpcFByaWNlcyl7CiAgIHZhciBvcmlnaW5FbD1kb2N1bWVudC5nZXRFbGVtZW50QnlJZCgnbXZfb3JpZ2luJyksZGVzdGluYXRpb25FbD1kb2N1bWVudC5nZXRFbGVtZW50QnlJZCgnbXZfZGVzdGluYXRpb24nKTsKICAgaWYob3JpZ2luRWwpX21vdmVtZW50RHJhZnQub3JpZ2luUmVmPW9yaWdpbkVsLmRhdGFzZXQucmVmfHwnJztpZihkZXN0aW5hdGlvbkVsKV9tb3ZlbWVudERyYWZ0LmRlc3RpbmF0aW9uUmVmPWRlc3RpbmF0aW9uRWwuZGF0YXNldC5yZWZ8fCcnOwogICB2YXIgZHVyYXRpb25FbD1kb2N1bWVudC5nZXRFbGVtZW50QnlJZCgnbXZfZHVyYXRpb25EaXNwbGF5Jyk7dmFyIGR1cmF0aW9uVW5pdEVsPWRvY3VtZW50LmdldEVsZW1lbnRCeUlkKCdtdl9kdXJhdGlvblVuaXQnKTsKLSAgaWYoZHVyYXRpb25FbCYmZHVyYXRpb25Vbml0RWwpe19tb3ZlbWVudERyYWZ0LmR1cmF0aW9uVW5pdD1kdXJhdGlvblVuaXRFbC52YWx1ZTtfbW92ZW1lbnREcmFmdC5kdXJhdGlvbk1pbj1tb3ZlbWVudER1cmF0aW9uVG9NaW51dGVzKGR1cmF0aW9uRWwudmFsdWUsZHVyYXRpb25Vbml0RWwudmFsdWUpO30KKyAgaWYoZHVyYXRpb25FbCl7X21vdmVtZW50RHJhZnQuZHVyYXRpb25NaW49ZHVyYXRpb25Vbml0RWw/bW92ZW1lbnREdXJhdGlvblRvTWludXRlcyhkdXJhdGlvbkVsLnZhbHVlLGR1cmF0aW9uVW5pdEVsLnZhbHVlKTptb3ZlbWVudER1cmF0aW9uVGV4dFRvTWludXRlcyhkdXJhdGlvbkVsLnZhbHVlKTtfbW92ZW1lbnREcmFmdC5kdXJhdGlvblVuaXQ9X21vdmVtZW50RHJhZnQuZHVyYXRpb25NaW4+PTYwPydob3VyJzonbWluJzt9CiAgIHZhciB0b3RhbEVsPWRvY3VtZW50LmdldEVsZW1lbnRCeUlkKCdtdl9jb3N0UGVyUGVyc29uRGlzcGxheScpOwogICBpZighc2tpcFByaWNlcyYmdG90YWxFbClfbW92ZW1lbnREcmFmdC5jb3N0UGVyUGVyc29uSlBZPW1vdmVtZW50RGlzcGxheVRvTG9jYWwodG90YWxFbC52YWx1ZSxfbW92ZW1lbnREcmFmdCk7CiAgIChfbW92ZW1lbnREcmFmdC5sZWdzfHxbXSkuZm9yRWFjaChmdW5jdGlvbihsLGkpewpAQCAtODEyOCw3ICs4MTM2LDcgQEAgZnVuY3Rpb24gdXBkYXRlTW92ZW1lbnREdXJhdGlvbkZyb21UaW1lcygpewogICBfbW92ZW1lbnREcmFmdC5kdXJhdGlvbk1pbj1kdXJhdGlvbjsKICAgX21vdmVtZW50RHJhZnQuZHVyYXRpb25Vbml0PWR1cmF0aW9uPj02MD8naG91cic6J21pbic7CiAgIHZhciBpbnB1dD1kb2N1bWVudC5nZXRFbGVtZW50QnlJZCgnbXZfZHVyYXRpb25EaXNwbGF5JyksdW5pdD1kb2N1bWVudC5nZXRFbGVtZW50QnlJZCgnbXZfZHVyYXRpb25Vbml0Jyk7Ci0gIGlmKGlucHV0KWlucHV0LnZhbHVlPWR1cmF0aW9uPj02MD9NYXRoLnJvdW5kKChkdXJhdGlvbi82MCkqMTAwKS8xMDA6ZHVyYXRpb247CisgIGlmKGlucHV0KWlucHV0LnZhbHVlPXVuaXQ/KGR1cmF0aW9uPj02MD9NYXRoLnJvdW5kKChkdXJhdGlvbi82MCkqMTAwKS8xMDA6ZHVyYXRpb24pOm1vdmVtZW50Rm9ybWF0RHVyYXRpb24oZHVyYXRpb24se2R1cmF0aW9uTWluOmR1cmF0aW9ufSk7CiAgIGlmKHVuaXQpe3VuaXQudmFsdWU9X21vdmVtZW50RHJhZnQuZHVyYXRpb25Vbml0O3VuaXQuZGF0YXNldC5wcmV2aW91cz1fbW92ZW1lbnREcmFmdC5kdXJhdGlvblVuaXQ7fQogfQogZnVuY3Rpb24gcmVzZXRNb3ZlbWVudERhdGUoYnV0dG9uKXsKQEAgLTgxNTcsNyArODE2NSw3IEBAIGZ1bmN0aW9uIHJlbmRlck1vdmVtZW50TW9kYWxCb2R5KCl7CiAgIGRvY3VtZW50LmdldEVsZW1lbnRCeUlkKCdtb3ZlbWVudE1vZGFsVGl0bGUnKS50ZXh0Q29udGVudD0obS5zb3VyY2U9PT0nbWFudWFsJyYmIW1vdmVtZW50c0ZvckNvdW50cnkobS5jb3VudHJ5SWQpLnNvbWUoZnVuY3Rpb24oeCl7cmV0dXJuIHguaWQ9PT1tLmlkO30pKT8nQWpvdXRlciB1biBkw6lwbGFjZW1lbnQnOidNb2RpZmllciBsZSBkw6lwbGFjZW1lbnQnOwogICB2YXIgc2NoZWR1bGU9X21vdmVtZW50U2NoZWR1bGVPcGVuPyc8ZGl2IGNsYXNzPSJtdi1zY2hlZHVsZSI+PGRpdiBjbGFzcz0ibXYtZmllbGQiPjxzcGFuIGNsYXNzPSJtdi1maWVsZC1sYWJlbCI+RGF0ZTwvc3Bhbj48aW5wdXQgY2xhc3M9ImVmLWlucHV0IiBpZD0ibXZfZGF0ZSIgdHlwZT0iZGF0ZSIgdmFsdWU9IicrZXNjSHRtbChtLmRhdGV8fCcnKSsnIiBvbmlucHV0PSJ1cGRhdGVNb3ZlbWVudFNjaGVkdWxlRmllbGQoXCdkYXRlXCcsdGhpcy52YWx1ZSkiIG9uY2hhbmdlPSJ1cGRhdGVNb3ZlbWVudFNjaGVkdWxlRmllbGQoXCdkYXRlXCcsdGhpcy52YWx1ZSkiPicrKG0uZGF0ZT8nPGJ1dHRvbiB0eXBlPSJidXR0b24iIGNsYXNzPSJtdi1kYXRlLXJlc2V0IiBvbmNsaWNrPSJyZXNldE1vdmVtZW50RGF0ZSh0aGlzKSI+UsOpaW5pdGlhbGlzZXIgbGEgZGF0ZTwvYnV0dG9uPic6JycpKyc8L2Rpdj48bGFiZWwgY2xhc3M9Im12LWZpZWxkIj48c3BhbiBjbGFzcz0ibXYtZmllbGQtbGFiZWwiPkTDqXBhcnQ8L3NwYW4+PGlucHV0IGNsYXNzPSJlZi1pbnB1dCIgaWQ9Im12X2RlcGFydHVyZVRpbWUiIHR5cGU9InRpbWUiIHZhbHVlPSInK2VzY0h0bWwobS5kZXBhcnR1cmVUaW1lfHwnJykrJyIgb25pbnB1dD0idXBkYXRlTW92ZW1lbnRTY2hlZHVsZUZpZWxkKFwnZGVwYXJ0dXJlVGltZVwnLHRoaXMudmFsdWUpIiBvbmNoYW5nZT0idXBkYXRlTW92ZW1lbnRTY2hlZHVsZUZpZWxkKFwnZGVwYXJ0dXJlVGltZVwnLHRoaXMudmFsdWUpIj48L2xhYmVsPjxsYWJlbCBjbGFzcz0ibXYtZmllbGQiPjxzcGFuIGNsYXNzPSJtdi1maWVsZC1sYWJlbCI+QXJyaXbDqWU8L3NwYW4+PGlucHV0IGNsYXNzPSJlZi1pbnB1dCIgaWQ9Im12X2Fycml2YWxUaW1lIiB0eXBlPSJ0aW1lIiB2YWx1ZT0iJytlc2NIdG1sKG0uYXJyaXZhbFRpbWV8fCcnKSsnIiBvbmlucHV0PSJ1cGRhdGVNb3ZlbWVudFNjaGVkdWxlRmllbGQoXCdhcnJpdmFsVGltZVwnLHRoaXMudmFsdWUpIiBvbmNoYW5nZT0idXBkYXRlTW92ZW1lbnRTY2hlZHVsZUZpZWxkKFwnYXJyaXZhbFRpbWVcJyx0aGlzLnZhbHVlKSI+PC9sYWJlbD48L2Rpdj4nOic8YnV0dG9uIGNsYXNzPSJtdi1zY2hlZHVsZS1idG4iIG9uY2xpY2s9InRvZ2dsZU1vdmVtZW50U2NoZWR1bGUoKSI+JytzdmdJY29uKCdjYWxlbmRhcicsMTUpKycgQWpvdXRlciBkYXRlIGV0IGhvcmFpcmVzPC9idXR0b24+JzsKICAgdmFyIHByaWNlSW5wdXQ9JzxsYWJlbCBjbGFzcz0ibXYtc3VtbWFyeS1jZWxsIj48c3BhbiBjbGFzcz0ibXYtZmllbGQtbGFiZWwiPlByaXggcGFyIHBlcnNvbm5lPC9zcGFuPjxkaXYgY2xhc3M9Im12LXByaWNlLXJvdyI+PGlucHV0IGNsYXNzPSJlZi1pbnB1dCIgaWQ9Im12X2Nvc3RQZXJQZXJzb25EaXNwbGF5IiB0eXBlPSJudW1iZXIiIGlucHV0bW9kZT0iZGVjaW1hbCIgc3RlcD0iMC4wMSIgb25pbnB1dD0ibW92ZW1lbnRUb3RhbFByaWNlQ2hhbmdlZCgpIiB2YWx1ZT0iJytlc2NIdG1sKG1vdmVtZW50TG9jYWxUb0Rpc3BsYXkobS5jb3N0UGVyUGVyc29uSlBZLG0pKSsnIiBwbGFjZWhvbGRlcj0iMCI+PHNlbGVjdCBjbGFzcz0ibXYtY3VycmVuY3ktc2VsZWN0IiBpZD0ibXZfY3VycmVuY3lNb2RlIiBvbmNoYW5nZT0iY2hhbmdlTW92ZW1lbnRDdXJyZW5jeSh0aGlzLnZhbHVlKSI+PG9wdGlvbiB2YWx1ZT0iTE9DQUwiJysobW92ZW1lbnRDdXJyZW5jeU1vZGUobSk9PT0nTE9DQUwnPycgc2VsZWN0ZWQnOicnKSsnPicrZXNjSHRtbChsb2NhbEN1cnJlbmN5KSsnPC9vcHRpb24+PG9wdGlvbiB2YWx1ZT0iRVVSIicrKG1vdmVtZW50Q3VycmVuY3lNb2RlKG0pPT09J0VVUic/JyBzZWxlY3RlZCc6JycpKyc+RVVSPC9vcHRpb24+PC9zZWxlY3Q+PC9kaXY+PC9sYWJlbD4nOwotICB2YXIgZHVyYXRpb25JbnB1dD0nPGxhYmVsIGNsYXNzPSJtdi1zdW1tYXJ5LWNlbGwiPjxzcGFuIGNsYXNzPSJtdi1maWVsZC1sYWJlbCI+RHVyw6llIGVzdGltw6llPC9zcGFuPjxkaXYgY2xhc3M9Im12LWR1cmF0aW9uLXJvdyI+PGlucHV0IGNsYXNzPSJlZi1pbnB1dCIgaWQ9Im12X2R1cmF0aW9uRGlzcGxheSIgdHlwZT0ibnVtYmVyIiBpbnB1dG1vZGU9ImRlY2ltYWwiIHN0ZXA9IjAuMDEiIHZhbHVlPSInK2VzY0h0bWwobW92ZW1lbnREdXJhdGlvbkRpc3BsYXkobS5kdXJhdGlvbk1pbixtKSkrJyIgcGxhY2Vob2xkZXI9IjAiPjxzZWxlY3QgY2xhc3M9Im12LWR1cmF0aW9uLXNlbGVjdCIgaWQ9Im12X2R1cmF0aW9uVW5pdCIgZGF0YS1wcmV2aW91cz0iJyttb3ZlbWVudER1cmF0aW9uVW5pdChtKSsnIiBvbmNoYW5nZT0iY2hhbmdlTW92ZW1lbnREdXJhdGlvblVuaXQoXCdtdl9kdXJhdGlvbkRpc3BsYXlcJyx0aGlzKSI+PG9wdGlvbiB2YWx1ZT0ibWluIicrKG1vdmVtZW50RHVyYXRpb25Vbml0KG0pPT09J21pbic/JyBzZWxlY3RlZCc6JycpKyc+bWluPC9vcHRpb24+PG9wdGlvbiB2YWx1ZT0iaG91ciInKyhtb3ZlbWVudER1cmF0aW9uVW5pdChtKT09PSdob3VyJz8nIHNlbGVjdGVkJzonJykrJz5oPC9vcHRpb24+PC9zZWxlY3Q+PC9kaXY+PC9sYWJlbD4nOworICB2YXIgZHVyYXRpb25JbnB1dD0nPGxhYmVsIGNsYXNzPSJtdi1zdW1tYXJ5LWNlbGwiPjxzcGFuIGNsYXNzPSJtdi1maWVsZC1sYWJlbCI+RHVyw6llIGVzdGltw6llPC9zcGFuPjxkaXYgY2xhc3M9Im12LWR1cmF0aW9uLXJvdyI+PGlucHV0IGNsYXNzPSJlZi1pbnB1dCIgaWQ9Im12X2R1cmF0aW9uRGlzcGxheSIgdHlwZT0idGV4dCIgaW5wdXRtb2RlPSJkZWNpbWFsIiB2YWx1ZT0iJytlc2NIdG1sKG1vdmVtZW50Rm9ybWF0RHVyYXRpb24obS5kdXJhdGlvbk1pbixtKSkrJyIgcGxhY2Vob2xkZXI9IjAgbWluIj48L2Rpdj48L2xhYmVsPic7CiAgIHZhciBtb3ZlbWVudExpc3Q9bW92ZW1lbnRzRm9yQ291bnRyeShtLmNvdW50cnlJZCksY29oZXJlbmNlPW1vdmVtZW50Q29oZXJlbmNlTWVzc2FnZShtLG1vdmVtZW50TGlzdCk7CiAgIGRvY3VtZW50LmdldEVsZW1lbnRCeUlkKCdtb3ZlbWVudE1vZGFsQm9keScpLmlubmVySFRNTD0nPGRpdiBjbGFzcz0ibXYtcm91dGUtaGVhZCI+PHNwYW4gY2xhc3M9Im12LXJvdXRlLWxpbmUiPjwvc3Bhbj48bGFiZWwgY2xhc3M9Im12LXJvdXRlLWZpZWxkIj48c3BhbiBjbGFzcz0ibXYtbGFiZWwiPkTDqXBhcnQ8L3NwYW4+Jyttb3ZlbWVudExvY2F0aW9uSW5wdXQoJ29yaWdpbicsbW92ZW1lbnRMb2NhdGlvbkxhYmVsKG0ub3JpZ2luUmVmLG0ub3JpZ2luKSxtLm9yaWdpblJlZikrJzwvbGFiZWw+PGxhYmVsIGNsYXNzPSJtdi1yb3V0ZS1maWVsZCI+PHNwYW4gY2xhc3M9Im12LWxhYmVsIj5EZXN0aW5hdGlvbjwvc3Bhbj4nK21vdmVtZW50TG9jYXRpb25JbnB1dCgnZGVzdGluYXRpb24nLG1vdmVtZW50TG9jYXRpb25MYWJlbChtLmRlc3RpbmF0aW9uUmVmLG0uZGVzdGluYXRpb24pLG0uZGVzdGluYXRpb25SZWYpKyc8L2xhYmVsPjwvZGl2PicKICAgICArKGNvaGVyZW5jZT8nPGRpdiBjbGFzcz0ibXYtY29oZXJlbmNlIj4nK3N2Z0ljb24oJ3RyaWFuZ2xlLWFsZXJ0JywxNCkrJzxzcGFuPicrZXNjSHRtbChjb2hlcmVuY2UpKyc8L3NwYW4+PGJ1dHRvbiB0eXBlPSJidXR0b24iIG9uY2xpY2s9ImxpbmtNb3ZlbWVudFRvUHJldmlvdXMoKSI+UmVsaWVyPC9idXR0b24+PC9kaXY+JzonJykKLS0gCjIuNTEuMQoK' | base64 -d > /tmp/movement-duration-clock.patch
          git am /tmp/movement-duration-clock.patch
      - name: Remove temporary workflow
        run: |
          git rm .github/workflows/apply-movement-duration-clock.yml
          git commit -m "Retire le workflow temporaire"
      - name: Push
        run: git push origin main
